NeoBundleLock auto-ctags.vim 8b0c0412b04e68d1867fddf342e84e6bd82f91ec
NeoBundleLock emmet-vim 5b217264dde398699849a0211bbe1a917d8b2f7a
NeoBundleLock inkpot b86ad4dc977d3e92ca713c83bc225526a7d77070
NeoBundleLock jedi-vim 80378d857bab4d444b417d68e52bd13d24e1c23d
NeoBundleLock lightline.vim 059888ab650fa192dd441e52bd9f41f08b247529
NeoBundleLock neobundle.vim 88951d60547595606ea0ca8f28f643d2506f2714
NeoBundleLock neomru.vim c7bf447627679a3f06f0f3caf893b0497d0aa90b
NeoBundleLock nerdtree eee431dbd44111c858c6d33ffd366cae1f17f8b3
NeoBundleLock open-browser.vim e2bfabfc758351ee3087d4c697d1953660d943ee
NeoBundleLock plantuml-syntax 4739bf58195f8436597c86a941c7cfa598578ffd
NeoBundleLock previm e9967c225ddbcc67b45f6de7d3e2c5c656ef8fb6
NeoBundleLock unite.vim be09b0e5784c4c4c13aefae4f16313696c6f51de
NeoBundleLock vim-django-support a0b21e72a2ce22141d60c494de1f58cb960b413f
NeoBundleLock vim-indent-guides 018298ead9d3aa9cd3b4ae222f81022a33978b09
NeoBundleLock vim-pyenv bed0d8bc809096cfc6a1e649a4d57a1f375960ff
NeoBundleLock vim-template 8791b25a15398030cd82f67e6ada3d586a2c864b
NeoBundleLock vimproc 25cb83f24edec4aec1e9f1329302235e7a7a7fe0
NeoBundleLock wmgraphviz.vim 0b092444f45166cdc120dd23b222a97090edef11
